
Microsoft Visual Studio Solution File, Format Version 12.00
# Visual Studio Version 16
VisualStudioVersion = 16.0.29911.84
MinimumVisualStudioVersion = 10.0.40219.1
Project("{FAE04EC0-301F-11D3-BF4B-00C04F79EFBC}") = "SecretChat", "SecretChat\SecretChat.csproj", "{1B770A5C-3E2D-47EF-8A78-A5AB26229688}"
EndProject
Project("{FAE04EC0-301F-11D3-BF4B-00C04F79EFBC}") = "MirrorWords", "MirrorWords\MirrorWords.csproj", "{2D9D1C01-1A31-4570-9023-C06613F4FAEF}"
EndProject
Project("{FAE04EC0-301F-11D3-BF4B-00C04F79EFBC}") = "Need for Speed III", "Need for Speed III\Need for Speed III.csproj", "{818CD534-8A8D-406C-BFEA-D5749D4D9459}"
EndProject
Global
	GlobalSection(SolutionConfigurationPlatforms) = preSolution
		Debug|Any CPU = Debug|Any CPU
		Release|Any CPU = Release|Any CPU
	EndGlobalSection
	GlobalSection(ProjectConfigurationPlatforms) = postSolution
		{1B770A5C-3E2D-47EF-8A78-A5AB26229688}.Debug|Any CPU.ActiveCfg = Debug|Any CPU
		{1B770A5C-3E2D-47EF-8A78-A5AB26229688}.Debug|Any CPU.Build.0 = Debug|Any CPU
		{1B770A5C-3E2D-47EF-8A78-A5AB26229688}.Release|Any CPU.ActiveCfg = Release|Any CPU
		{1B770A5C-3E2D-47EF-8A78-A5AB26229688}.Release|Any CPU.Build.0 = Release|Any CPU
		{2D9D1C01-1A31-4570-9023-C06613F4FAEF}.Debug|Any CPU.ActiveCfg = Debug|Any CPU
		{2D9D1C01-1A31-4570-9023-C06613F4FAEF}.Debug|Any CPU.Build.0 = Debug|Any CPU
		{2D9D1C01-1A31-4570-9023-C06613F4FAEF}.Release|Any CPU.ActiveCfg = Release|Any CPU
		{2D9D1C01-1A31-4570-9023-C06613F4FAEF}.Release|Any CPU.Build.0 = Release|Any CPU
		{818CD534-8A8D-406C-BFEA-D5749D4D9459}.Debug|Any CPU.ActiveCfg = Debug|Any CPU
		{818CD534-8A8D-406C-BFEA-D5749D4D9459}.Debug|Any CPU.Build.0 = Debug|Any CPU
		{818CD534-8A8D-406C-BFEA-D5749D4D9459}.Release|Any CPU.ActiveCfg = Release|Any CPU
		{818CD534-8A8D-406C-BFEA-D5749D4D9459}.Release|Any CPU.Build.0 = Release|Any CPU
	EndGlobalSection
	GlobalSection(SolutionProperties) = preSolution
		HideSolutionNode = FALSE
	EndGlobalSection
	GlobalSection(ExtensibilityGlobals) = postSolution
		SolutionGuid = {20335E94-EF19-4E77-93A2-F56A73BDD010}
	EndGlobalSection
EndGlobal
